
Microsoft Visual Studio Solution File, Format Version 12.00
# Visual Studio Version 17
VisualStudioVersion = 17.0.31903.59
MinimumVisualStudioVersion = 10.0.40219.1
Project("{9A19103F-16F7-4668-BE54-9A1E7A4F7556}") = "WebApplication1", "WebApplication1\WebApplication1.csproj", "{259EA88F-4E49-429D-8699-6F966762E3ED}"
EndProject
Project("{FAE04EC0-301F-11D3-BF4B-00C04F79EFBC}") = "TemperatureTests", "TemperatureTests\TemperatureTests.csproj", "{DC69815F-0CC8-4AA6-BA90-4A614432DF97}"
EndProject
Global
	GlobalSection(SolutionConfigurationPlatforms) = preSolution
		Debug|Any CPU = Debug|Any CPU
		Release|Any CPU = Release|Any CPU
	EndGlobalSection
	GlobalSection(ProjectConfigurationPlatforms) = postSolution
		{259EA88F-4E49-429D-8699-6F966762E3ED}.Debug|Any CPU.ActiveCfg = Debug|Any CPU
		{259EA88F-4E49-429D-8699-6F966762E3ED}.Debug|Any CPU.Build.0 = Debug|Any CPU
		{259EA88F-4E49-429D-8699-6F966762E3ED}.Release|Any CPU.ActiveCfg = Release|Any CPU
		{259EA88F-4E49-429D-8699-6F966762E3ED}.Release|Any CPU.Build.0 = Release|Any CPU
		{DC69815F-0CC8-4AA6-BA90-4A614432DF97}.Debug|Any CPU.ActiveCfg = Debug|Any CPU
		{DC69815F-0CC8-4AA6-BA90-4A614432DF97}.Debug|Any CPU.Build.0 = Debug|Any CPU
		{DC69815F-0CC8-4AA6-BA90-4A614432DF97}.Release|Any CPU.ActiveCfg = Release|Any CPU
		{DC69815F-0CC8-4AA6-BA90-4A614432DF97}.Release|Any CPU.Build.0 = Release|Any CPU
	EndGlobalSection
	GlobalSection(SolutionProperties) = preSolution
		HideSolutionNode = FALSE
	EndGlobalSection
	GlobalSection(ExtensibilityGlobals) = postSolution
		SolutionGuid = {18FA194A-6F17-40EB-8F6B-B0B45973AF3F}
	EndGlobalSection
EndGlobal
